
Microsoft Visual Studio Solution File, Format Version 12.00
# Visual Studio Version 17
VisualStudioVersion = 17.0.31912.275
MinimumVisualStudioVersion = 10.0.40219.1
Project("{FAE04EC0-301F-11D3-BF4B-00C04F79EFBC}") = "FosterScriptLib", "FosterScript\FosterScriptLib.csproj", "{65AAAE49-BE91-4460-95FA-21DCDC9538D7}"
EndProject
Global
	GlobalSection(SolutionConfigurationPlatforms) = preSolution
		Debug|Any CPU = Debug|Any CPU
		Release|Any CPU = Release|Any CPU
	EndGlobalSection
	GlobalSection(ProjectConfigurationPlatforms) = postSolution
		{65AAAE49-BE91-4460-95FA-21DCDC9538D7}.Debug|Any CPU.ActiveCfg = Debug|Any CPU
		{65AAAE49-BE91-4460-95FA-21DCDC9538D7}.Debug|Any CPU.Build.0 = Debug|Any CPU
		{65AAAE49-BE91-4460-95FA-21DCDC9538D7}.Release|Any CPU.ActiveCfg = Release|Any CPU
		{65AAAE49-BE91-4460-95FA-21DCDC9538D7}.Release|Any CPU.Build.0 = Release|Any CPU
	EndGlobalSection
	GlobalSection(SolutionProperties) = preSolution
		HideSolutionNode = FALSE
	EndGlobalSection
	GlobalSection(ExtensibilityGlobals) = postSolution
		SolutionGuid = {320F3100-52DA-4FBF-8CE5-5560D1C65A02}
	EndGlobalSection
EndGlobal
