
Microsoft Visual Studio Solution File, Format Version 12.00
# Visual Studio Version 17
VisualStudioVersion = 17.4.33103.184
MinimumVisualStudioVersion = 10.0.40219.1
Project("{9A19103F-16F7-4668-BE54-9A1E7A4F7556}") = "FosterScript.Core", "Core\FosterScript.Core.csproj", "{E3C6FD94-37C5-4AF0-88E2-EAE853B0F412}"
EndProject
Project("{9A19103F-16F7-4668-BE54-9A1E7A4F7556}") = "FosterScript.Examples", "Examples\FosterScript.Examples.csproj", "{ABD24BEF-11A3-451B-AC50-9BD3DAA01431}"
EndProject
Project("{FAE04EC0-301F-11D3-BF4B-00C04F79EFBC}") = "FosterScript.Examples.FiniteExample", "FosterScript.Examples.FiniteExample\FosterScript.Examples.FiniteExample.csproj", "{C61FE661-D482-4B99-9732-F678A028DBEA}"
EndProject
Project("{FAE04EC0-301F-11D3-BF4B-00C04F79EFBC}") = "FosterScript.Examples.IndefiniteExample", "FosterScript.Examples.IndefiniteExample\FosterScript.Examples.IndefiniteExample.csproj", "{FE182BE5-04DA-404B-953F-D35678B132AB}"
EndProject
Project("{FAE04EC0-301F-11D3-BF4B-00C04F79EFBC}") = "FosterScript.Examples.BasicBrainExample", "FosterScript.Examples.BasicBrainExample\FosterScript.Examples.BasicBrainExample.csproj", "{4D43FF62-0D23-4A22-980B-F7F4253E39D4}"
EndProject
Global
	GlobalSection(SolutionConfigurationPlatforms) = preSolution
		Debug|Any CPU = Debug|Any CPU
		Release|Any CPU = Release|Any CPU
	EndGlobalSection
	GlobalSection(ProjectConfigurationPlatforms) = postSolution
		{E3C6FD94-37C5-4AF0-88E2-EAE853B0F412}.Debug|Any CPU.ActiveCfg = Debug|Any CPU
		{E3C6FD94-37C5-4AF0-88E2-EAE853B0F412}.Debug|Any CPU.Build.0 = Debug|Any CPU
		{E3C6FD94-37C5-4AF0-88E2-EAE853B0F412}.Release|Any CPU.ActiveCfg = Release|Any CPU
		{E3C6FD94-37C5-4AF0-88E2-EAE853B0F412}.Release|Any CPU.Build.0 = Release|Any CPU
		{ABD24BEF-11A3-451B-AC50-9BD3DAA01431}.Debug|Any CPU.ActiveCfg = Debug|Any CPU
		{ABD24BEF-11A3-451B-AC50-9BD3DAA01431}.Debug|Any CPU.Build.0 = Debug|Any CPU
		{ABD24BEF-11A3-451B-AC50-9BD3DAA01431}.Release|Any CPU.ActiveCfg = Release|Any CPU
		{ABD24BEF-11A3-451B-AC50-9BD3DAA01431}.Release|Any CPU.Build.0 = Release|Any CPU
		{C61FE661-D482-4B99-9732-F678A028DBEA}.Debug|Any CPU.ActiveCfg = Debug|Any CPU
		{C61FE661-D482-4B99-9732-F678A028DBEA}.Debug|Any CPU.Build.0 = Debug|Any CPU
		{C61FE661-D482-4B99-9732-F678A028DBEA}.Release|Any CPU.ActiveCfg = Release|Any CPU
		{C61FE661-D482-4B99-9732-F678A028DBEA}.Release|Any CPU.Build.0 = Release|Any CPU
		{FE182BE5-04DA-404B-953F-D35678B132AB}.Debug|Any CPU.ActiveCfg = Debug|Any CPU
		{FE182BE5-04DA-404B-953F-D35678B132AB}.Debug|Any CPU.Build.0 = Debug|Any CPU
		{FE182BE5-04DA-404B-953F-D35678B132AB}.Release|Any CPU.ActiveCfg = Release|Any CPU
		{FE182BE5-04DA-404B-953F-D35678B132AB}.Release|Any CPU.Build.0 = Release|Any CPU
		{4D43FF62-0D23-4A22-980B-F7F4253E39D4}.Debug|Any CPU.ActiveCfg = Debug|Any CPU
		{4D43FF62-0D23-4A22-980B-F7F4253E39D4}.Debug|Any CPU.Build.0 = Debug|Any CPU
		{4D43FF62-0D23-4A22-980B-F7F4253E39D4}.Release|Any CPU.ActiveCfg = Release|Any CPU
		{4D43FF62-0D23-4A22-980B-F7F4253E39D4}.Release|Any CPU.Build.0 = Release|Any CPU
	EndGlobalSection
	GlobalSection(SolutionProperties) = preSolution
		HideSolutionNode = FALSE
	EndGlobalSection
	GlobalSection(ExtensibilityGlobals) = postSolution
		SolutionGuid = {8C58D6C1-1E50-4F36-8997-9F3CF6FDEBBA}
	EndGlobalSection
EndGlobal
